
Microsoft Visual Studio Solution File, Format Version 12.00
# Visual Studio 15
VisualStudioVersion = 15.0.28307.902
MinimumVisualStudioVersion = 10.0.40219.1
Project("{FAE04EC0-301F-11D3-BF4B-00C04F79EFBC}") = "VprUnpack", "VprUnpack.csproj", "{B269E385-02FA-4F54-AE03-BEC4A2AD1885}"
EndProject
Global
	GlobalSection(SolutionConfigurationPlatforms) = preSolution
		Debug|Any CPU = Debug|Any CPU
		Release|Any CPU = Release|Any CPU
	EndGlobalSection
	GlobalSection(ProjectConfigurationPlatforms) = postSolution
		{B269E385-02FA-4F54-AE03-BEC4A2AD1885}.Debug|Any CPU.ActiveCfg = Debug|Any CPU
		{B269E385-02FA-4F54-AE03-BEC4A2AD1885}.Debug|Any CPU.Build.0 = Debug|Any CPU
		{B269E385-02FA-4F54-AE03-BEC4A2AD1885}.Release|Any CPU.ActiveCfg = Release|Any CPU
		{B269E385-02FA-4F54-AE03-BEC4A2AD1885}.Release|Any CPU.Build.0 = Release|Any CPU
	EndGlobalSection
	GlobalSection(SolutionProperties) = preSolution
		HideSolutionNode = FALSE
	EndGlobalSection
	GlobalSection(ExtensibilityGlobals) = postSolution
		SolutionGuid = {ADEC657D-55E8-41DC-A3B4-0E5BE18B9B80}
	EndGlobalSection
EndGlobal
